<?xml version="1.0" encoding="utf-8"?>
<Project ToolsVersion="4.0" xmlns="http://schemas.microsoft.com/developer/msbuild/2003">
  <ItemGroup>
    <ClCompile Include="..\Src\RKK_Library\Private\RenderCore\RenderShader.cpp">
      <Filter>Private\RenderCore</Filter>
    </ClCompile>
    <ClCompile Include="..\Src\RKK_Library\Private\RenderCore\RenderShader_PixelShader.cpp">
      <Filter>Private\RenderCore</Filter>
    </ClCompile>
    <ClCompile Include="..\Src\RKK_Library\Private\RenderCore\RenderShader_VertexShader.cpp">
      <Filter>Private\RenderCore</Filter>
    </ClCompile>
    <ClCompile Include="..\Src\RKK_Library\Private\RenderCore\RenderStateManager.cpp">
      <Filter>Private\RenderCore</Filter>
    </ClCompile>
    <ClCompile Include="..\Src\RKK_Library\Private\RenderCore\RenderTarget.cpp">
      <Filter>Private\RenderCore</Filter>
    </ClCompile>
    <ClCompile Include="..\Src\RKK_Library\Private\RenderFramework\RenderFlow.cpp">
      <Filter>Private\RenderFramework</Filter>
    </ClCompile>
    <ClCompile Include="..\Src\RKK_Library\Private\RenderFramework\RenderPass.cpp">
      <Filter>Private\RenderFramework</Filter>
    </ClCompile>
    <ClCompile Include="..\Src\RKK_Library\Private\RenderFramework\Renderer.cpp">
      <Filter>Private\RenderFramework</Filter>
    </ClCompile>
    <ClCompile Include="..\Src\RKK_Library\Private\RenderDeviceLayer\RenderDeviceLayer.cpp">
      <Filter>Private\RenderDeviceLayer</Filter>
    </ClCompile>
    <ClCompile Include="..\Src\RKK_Library\Private\RenderDeviceLayer\RenderDeviceLayer_D3D11.cpp">
      <Filter>Private\RenderDeviceLayer\D3D11</Filter>
    </ClCompile>
    <ClCompile Include="..\Src\RKK_Library\Private\RenderCore\RenderState.cpp">
      <Filter>Private\RenderCore</Filter>
    </ClCompile>
    <ClCompile Include="..\Src\RKK_Library\Private\Base\BaseColor.cpp">
      <Filter>Private\Base</Filter>
    </ClCompile>
  </ItemGroup>
  <ItemGroup>
    <ClInclude Include="..\Src\RKK_Library\Include\Core\Core.hpp">
      <Filter>Include\Core</Filter>
    </ClInclude>
    <ClInclude Include="..\Src\RKK_Library\Include\RenderCore\RenderTarget.hpp">
      <Filter>Include\RenderCore</Filter>
    </ClInclude>
    <ClInclude Include="..\Src\RKK_Library\Include\RenderCore\RenderShader_VertexShader.hpp">
      <Filter>Include\RenderCore</Filter>
    </ClInclude>
    <ClInclude Include="..\Src\RKK_Library\Include\RenderCore\RenderShader_PixelShader.hpp">
      <Filter>Include\RenderCore</Filter>
    </ClInclude>
    <ClInclude Include="..\Src\RKK_Library\Include\RenderCore\RenderCore.hpp">
      <Filter>Include\RenderCore</Filter>
    </ClInclude>
    <ClInclude Include="..\Src\RKK_Library\Include\RenderCore\RenderShader.hpp">
      <Filter>Include\RenderCore</Filter>
    </ClInclude>
    <ClInclude Include="..\Src\RKK_Library\Include\RenderFramework\Renderer.hpp">
      <Filter>Include\RenderFramework</Filter>
    </ClInclude>
    <ClInclude Include="..\Src\RKK_Library\Include\RenderFramework\RenderFlow.hpp">
      <Filter>Include\RenderFramework</Filter>
    </ClInclude>
    <ClInclude Include="..\Src\RKK_Library\Include\RenderFramework\RenderPass.hpp">
      <Filter>Include\RenderFramework</Filter>
    </ClInclude>
    <ClInclude Include="..\Src\RKK_Library\Include\RenderDeviceLayer\RenderDeviceLayerMethod.hpp">
      <Filter>Include\RenderDeviceLayer</Filter>
    </ClInclude>
    <ClInclude Include="..\Src\RKK_Library\Include\RenderDeviceLayer\RenderDeviceLayer.hpp">
      <Filter>Include\RenderDeviceLayer</Filter>
    </ClInclude>
    <ClInclude Include="..\Src\RKK_Library\Private\RenderDeviceLayer\RenderDeviceLayer_D3D11.hpp">
      <Filter>Private\RenderDeviceLayer\D3D11</Filter>
    </ClInclude>
    <ClInclude Include="..\Src\RKK_Library\Include\Base\Base.hpp">
      <Filter>Include\Base</Filter>
    </ClInclude>
    <ClInclude Include="..\Src\RKK_Library\Include\Base\BaseMacro.hpp">
      <Filter>Include\Base</Filter>
    </ClInclude>
    <ClInclude Include="..\Src\RKK_Library\Include\Base\BaseTemplate.hpp">
      <Filter>Include\Base</Filter>
    </ClInclude>
    <ClInclude Include="..\Src\RKK_Library\Include\Base\BaseType.hpp">
      <Filter>Include\Base</Filter>
    </ClInclude>
    <ClInclude Include="..\Src\RKK_Library\Include\Base\TypeDeclareUtils.hpp">
      <Filter>Include\Base</Filter>
    </ClInclude>
    <ClInclude Include="..\Src\RKK_Library\Include\Core\Enum\CoreEnumPixelFormat.hpp">
      <Filter>Include\Core\Enum</Filter>
    </ClInclude>
    <ClInclude Include="..\Src\RKK_Library\Include\Core\Desc\CoreDescRenderTarget.hpp">
      <Filter>Include\Core\Desc</Filter>
    </ClInclude>
    <ClInclude Include="..\Src\RKK_Library\Include\Core\Enum\CoreEnumBlend.hpp">
      <Filter>Include\Core\Enum</Filter>
    </ClInclude>
    <ClInclude Include="..\Src\RKK_Library\Include\Core\Enum\CoreEnumComparison.hpp">
      <Filter>Include\Core\Enum</Filter>
    </ClInclude>
    <ClInclude Include="..\Src\RKK_Library\Include\Core\Enum\CoreEnumStencil.hpp">
      <Filter>Include\Core\Enum</Filter>
    </ClInclude>
    <ClInclude Include="..\Src\RKK_Library\Include\RenderCore\RenderState.hpp">
      <Filter>Include\RenderCore</Filter>
    </ClInclude>
    <ClInclude Include="..\Src\RKK_Library\Private\RenderCore\RenderStateManager.hpp">
      <Filter>Private\RenderCore</Filter>
    </ClInclude>
    <ClInclude Include="..\Src\RKK_Library\Include\Base\BaseColor.hpp">
      <Filter>Include\Base</Filter>
    </ClInclude>
    <ClInclude Include="..\Src\RKK_Library\Include\Base\BaseColorU32.hpp">
      <Filter>Include\Base</Filter>
    </ClInclude>
    <ClInclude Include="..\Src\RKK_Library\Include\Core\Desc\CoreDescClear.hpp">
      <Filter>Include\Core\Desc</Filter>
    </ClInclude>
    <ClInclude Include="..\Src\RKK_Library\Include\Core\Desc\CoreDescMultiSample.hpp">
      <Filter>Include\Core\Desc</Filter>
    </ClInclude>
    <ClInclude Include="..\Src\RKK_Library\Include\Core\Enum\CoreEnumMultiSample.hpp">
      <Filter>Include\Core\Enum</Filter>
    </ClInclude>
    <ClInclude Include="..\Src\RKK_Library\Include\Base\BaseObject.hpp">
      <Filter>Include\Base</Filter>
    </ClInclude>
    <ClInclude Include="..\Src\RKK_Library\Include\RenderFramework\Root.hpp">
      <Filter>Include\RenderFramework</Filter>
    </ClInclude>
  </ItemGroup>
  <ItemGroup>
    <Filter Include="Include">
      <UniqueIdentifier>{e9952a41-3038-4149-bb90-5d2a5cf44aa8}</UniqueIdentifier>
    </Filter>
    <Filter Include="Private">
      <UniqueIdentifier>{ea080eae-accb-425b-a06f-c5b78b844645}</UniqueIdentifier>
    </Filter>
    <Filter Include="Include\Core">
      <UniqueIdentifier>{a45b08d7-a4fb-4009-9764-a8cf5f1d6f51}</UniqueIdentifier>
    </Filter>
    <Filter Include="Include\RenderCore">
      <UniqueIdentifier>{8ac49310-cca7-4ed4-9126-6da830f9f11c}</UniqueIdentifier>
    </Filter>
    <Filter Include="Private\RenderCore">
      <UniqueIdentifier>{187dadda-b853-4bba-9b86-49b3b94f7458}</UniqueIdentifier>
    </Filter>
    <Filter Include="Include\RenderDeviceLayer">
      <UniqueIdentifier>{f5af1c1e-97d5-40e2-aee2-3caf4c30591d}</UniqueIdentifier>
    </Filter>
    <Filter Include="Include\RenderFramework">
      <UniqueIdentifier>{0fd4ca9a-142c-4c09-b0c7-18cde584dd2d}</UniqueIdentifier>
    </Filter>
    <Filter Include="Private\RenderDeviceLayer">
      <UniqueIdentifier>{148caf09-89ae-4129-a2b8-9f6a858036bc}</UniqueIdentifier>
    </Filter>
    <Filter Include="Private\RenderFramework">
      <UniqueIdentifier>{aa9d3748-4a46-4f52-aea9-749084969840}</UniqueIdentifier>
    </Filter>
    <Filter Include="Private\RenderDeviceLayer\D3D11">
      <UniqueIdentifier>{36bb1438-f89f-4d46-b050-876ebb4e450e}</UniqueIdentifier>
    </Filter>
    <Filter Include="Include\Base">
      <UniqueIdentifier>{e00b57bf-8ae1-4459-b6f7-858b9034307a}</UniqueIdentifier>
    </Filter>
    <Filter Include="Include\Core\Enum">
      <UniqueIdentifier>{4b973158-4e4d-4e65-ba10-9236a6b0e7b6}</UniqueIdentifier>
    </Filter>
    <Filter Include="Include\Core\Desc">
      <UniqueIdentifier>{43a56ce0-9858-4cc2-a1c4-0e12623a1926}</UniqueIdentifier>
    </Filter>
    <Filter Include="Private\Base">
      <UniqueIdentifier>{170ecd1f-1bd5-402a-a00f-deac4c71c5e3}</UniqueIdentifier>
    </Filter>
    <Filter Include="Private\Core">
      <UniqueIdentifier>{22ac1ffd-cce8-4669-af82-6b68ba07383e}</UniqueIdentifier>
    </Filter>
  </ItemGroup>
</Project>