<?xml version="1.0" encoding="utf-8"?>
<Project ToolsVersion="4.0" xmlns="http://schemas.microsoft.com/developer/msbuild/2003">
  <ItemGroup>
    <Filter Include="Include">
      <UniqueIdentifier>{286871af-dc5a-43d2-b775-c21b610a5d44}</UniqueIdentifier>
    </Filter>
    <Filter Include="Include\00_Config">
      <UniqueIdentifier>{958f0c01-3cab-43ae-b1a8-64849d9e1e70}</UniqueIdentifier>
    </Filter>
    <Filter Include="Include\01_Basic">
      <UniqueIdentifier>{c8c269c0-7f24-4012-89bf-bc1376f5c3e9}</UniqueIdentifier>
    </Filter>
    <Filter Include="Include\01_Basic\01_Type">
      <UniqueIdentifier>{d8c500a2-7704-441d-90e7-0d9925591b48}</UniqueIdentifier>
    </Filter>
    <Filter Include="Include\01_Basic\02_MacroUtils">
      <UniqueIdentifier>{eb9191b3-210b-4d1e-bf7e-cfb0692bf768}</UniqueIdentifier>
    </Filter>
    <Filter Include="Include\01_Basic\00_MPP%28MacroPreprocesssor%29">
      <UniqueIdentifier>{815d4eab-ef16-4457-9b11-83547072b547}</UniqueIdentifier>
    </Filter>
    <Filter Include="Include\01_Basic\03_TemplateUtils">
      <UniqueIdentifier>{e5e5a4cb-d5c0-4167-b8ac-4e8a60a1f9cb}</UniqueIdentifier>
    </Filter>
    <Filter Include="Include\02_Advanced">
      <UniqueIdentifier>{901430da-89cc-47b9-9ff3-d8fbdb210674}</UniqueIdentifier>
    </Filter>
    <Filter Include="Include\02_Advanced\01_Type">
      <UniqueIdentifier>{d4c19272-d869-4567-9fec-e88acfafffb1}</UniqueIdentifier>
    </Filter>
    <Filter Include="Include\02_Advanced\01_Type\SmartPtr">
      <UniqueIdentifier>{bf6a3078-b2b6-4f76-b4a0-84e1e1e865e3}</UniqueIdentifier>
    </Filter>
    <Filter Include="Include\02_Advanced\01_Type\Container">
      <UniqueIdentifier>{0f06ca53-e474-4d09-8851-6160c42a4284}</UniqueIdentifier>
    </Filter>
    <Filter Include="Include\03_Utils">
      <UniqueIdentifier>{54af974b-3083-4f3f-a2f8-add195150289}</UniqueIdentifier>
    </Filter>
    <Filter Include="Include\04_Math">
      <UniqueIdentifier>{fae47f77-7c90-415e-9472-23e7c98a53f3}</UniqueIdentifier>
    </Filter>
    <Filter Include="Include\04_Math\00_Base">
      <UniqueIdentifier>{48cdda63-c83a-47b5-8a58-d950fa8c3290}</UniqueIdentifier>
    </Filter>
    <Filter Include="Include\04_Math\00_Base\Vector">
      <UniqueIdentifier>{5cecc1d0-09c8-4f50-8fcc-ca4d766ed8ba}</UniqueIdentifier>
    </Filter>
    <Filter Include="Include\04_Math\00_Base\Matrix">
      <UniqueIdentifier>{a2edd288-8cef-42b7-b08f-7060b535a5ca}</UniqueIdentifier>
    </Filter>
  </ItemGroup>
  <ItemGroup>
    <ClInclude Include="..\Src\WIZ_Library\Include\00_Config\WizConfig.hpp">
      <Filter>Include\00_Config</Filter>
    </ClInclude>
    <ClInclude Include="..\Src\WIZ_Library\Include\00_Config\WizCustomConfig.hpp">
      <Filter>Include\00_Config</Filter>
    </ClInclude>
    <ClInclude Include="..\Src\WIZ_Library\Include\01_Basic\01_Type\WizBasicTypeBool.hpp">
      <Filter>Include\01_Basic\01_Type</Filter>
    </ClInclude>
    <ClInclude Include="..\Src\WIZ_Library\Include\01_Basic\01_Type\WizBasicTypeChar.hpp">
      <Filter>Include\01_Basic\01_Type</Filter>
    </ClInclude>
    <ClInclude Include="..\Src\WIZ_Library\Include\01_Basic\01_Type\WizBasicTypeDeclareUtils.hpp">
      <Filter>Include\01_Basic\01_Type</Filter>
    </ClInclude>
    <ClInclude Include="..\Src\WIZ_Library\Include\01_Basic\01_Type\WizBasicTypeInt.hpp">
      <Filter>Include\01_Basic\01_Type</Filter>
    </ClInclude>
    <ClInclude Include="..\Src\WIZ_Library\Include\01_Basic\01_Type\WizBasicTypeReal.hpp">
      <Filter>Include\01_Basic\01_Type</Filter>
    </ClInclude>
    <ClInclude Include="..\Src\WIZ_Library\Include\01_Basic\01_Type\WizBasicTypeVoid.hpp">
      <Filter>Include\01_Basic\01_Type</Filter>
    </ClInclude>
    <ClInclude Include="..\Src\WIZ_Library\Include\01_Basic\00_MPP\WizBasicMPPBitOp.hpp">
      <Filter>Include\01_Basic\00_MPP%28MacroPreprocesssor%29</Filter>
    </ClInclude>
    <ClInclude Include="..\Src\WIZ_Library\Include\01_Basic\00_MPP\WizBasicMPPBool.hpp">
      <Filter>Include\01_Basic\00_MPP%28MacroPreprocesssor%29</Filter>
    </ClInclude>
    <ClInclude Include="..\Src\WIZ_Library\Include\01_Basic\00_MPP\WizBasicMPPCombine.hpp">
      <Filter>Include\01_Basic\00_MPP%28MacroPreprocesssor%29</Filter>
    </ClInclude>
    <ClInclude Include="..\Src\WIZ_Library\Include\01_Basic\00_MPP\WizBasicMPPDec.hpp">
      <Filter>Include\01_Basic\00_MPP%28MacroPreprocesssor%29</Filter>
    </ClInclude>
    <ClInclude Include="..\Src\WIZ_Library\Include\01_Basic\00_MPP\WizBasicMPPIf.hpp">
      <Filter>Include\01_Basic\00_MPP%28MacroPreprocesssor%29</Filter>
    </ClInclude>
    <ClInclude Include="..\Src\WIZ_Library\Include\01_Basic\00_MPP\WizBasicMPPInc.hpp">
      <Filter>Include\01_Basic\00_MPP%28MacroPreprocesssor%29</Filter>
    </ClInclude>
    <ClInclude Include="..\Src\WIZ_Library\Include\01_Basic\00_MPP\WizBasicMPPLoop.hpp">
      <Filter>Include\01_Basic\00_MPP%28MacroPreprocesssor%29</Filter>
    </ClInclude>
    <ClInclude Include="..\Src\WIZ_Library\Include\01_Basic\00_MPP\WizBasicMPPRepeatFile.hpp">
      <Filter>Include\01_Basic\00_MPP%28MacroPreprocesssor%29</Filter>
    </ClInclude>
    <ClInclude Include="..\Src\WIZ_Library\Include\01_Basic\00_MPP\WizBasicMPPStringize.hpp">
      <Filter>Include\01_Basic\00_MPP%28MacroPreprocesssor%29</Filter>
    </ClInclude>
    <ClInclude Include="..\Src\WIZ_Library\Include\01_Basic\00_MPP\WizBasicMPPTupleElem.hpp">
      <Filter>Include\01_Basic\00_MPP%28MacroPreprocesssor%29</Filter>
    </ClInclude>
    <ClInclude Include="..\Src\WIZ_Library\Include\01_Basic\00_MPP\WizBasicMPP.hpp">
      <Filter>Include\01_Basic\00_MPP%28MacroPreprocesssor%29</Filter>
    </ClInclude>
    <ClInclude Include="..\Src\WIZ_Library\Include\01_Basic\02_MacroUtils\WizBasicMacroUtils.hpp">
      <Filter>Include\01_Basic\02_MacroUtils</Filter>
    </ClInclude>
    <ClInclude Include="..\Src\WIZ_Library\Include\01_Basic\01_Type\WizBasicType.hpp">
      <Filter>Include\01_Basic\01_Type</Filter>
    </ClInclude>
    <ClInclude Include="..\Src\WIZ_Library\Include\01_Basic\03_TemplateUtils\WizBasicTemplateUtils.hpp">
      <Filter>Include\01_Basic\03_TemplateUtils</Filter>
    </ClInclude>
    <ClInclude Include="..\Src\WIZ_Library\Include\01_Basic\01_Type\WizBasicTypeDeclareHelper.hpp">
      <Filter>Include\01_Basic\01_Type</Filter>
    </ClInclude>
    <ClInclude Include="..\Src\WIZ_Library\Include\04_Math\00_Base\Vector\WizMathVector2.hpp">
      <Filter>Include\04_Math\00_Base\Vector</Filter>
    </ClInclude>
    <ClInclude Include="..\Src\WIZ_Library\Include\04_Math\00_Base\Vector\WizMathVector2Base.hpp">
      <Filter>Include\04_Math\00_Base\Vector</Filter>
    </ClInclude>
    <ClInclude Include="..\Src\WIZ_Library\Include\04_Math\00_Base\Vector\WizMathVector2Method.hpp">
      <Filter>Include\04_Math\00_Base\Vector</Filter>
    </ClInclude>
    <ClInclude Include="..\Src\WIZ_Library\Include\02_Advanced\01_Type\WizAdvancedTypeSize.hpp">
      <Filter>Include\02_Advanced\01_Type</Filter>
    </ClInclude>
    <ClInclude Include="..\Src\WIZ_Library\Include\01_Basic\02_MacroUtils\WizBasicMacroAssert.hpp">
      <Filter>Include\01_Basic\02_MacroUtils</Filter>
    </ClInclude>
  </ItemGroup>
  <ItemGroup>
    <None Include="..\Src\WIZ_Library\Include\04_Math\00_Base\Vector\WizMathVector2Method.inl">
      <Filter>Include\04_Math\00_Base\Vector</Filter>
    </None>
  </ItemGroup>
</Project>