<?xml version="1.0" encoding="utf-8"?>
<Project ToolsVersion="4.0" xmlns="http://schemas.microsoft.com/developer/msbuild/2003">
  <ItemGroup>
    <Filter Include="Include">
      <UniqueIdentifier>{286871af-dc5a-43d2-b775-c21b610a5d44}</UniqueIdentifier>
    </Filter>
    <Filter Include="Private">
      <UniqueIdentifier>{ffbf1aca-9972-405b-a7f5-4e8933951cdf}</UniqueIdentifier>
    </Filter>
  </ItemGroup>
</Project>